{
  "version": 1,
  "program_hash": "9ada88f1ac4bf3f8",
  "projection": [
    "AlarmExtent",
    "HistorianStatusEcho",
    "LastHistorianId",
    "StateCurrent",
    "StateRequested",
    "State_Aborted",
    "State_Aborting",
    "State_Clearing",
    "State_Completed",
    "State_Completing",
    "State_Execute",
    "State_Held",
    "State_Holding",
    "State_Idle",
    "State_Resetting",
    "State_Starting",
    "State_Stopped",
    "State_Stopping",
    "State_Suspended",
    "State_Suspending",
    "State_Unholding",
    "State_Unsuspending",
    "TaskStepView",
    "UnitModeCurrent"
  ],
  "reachable": [
    {
      "AlarmExtent": 0,
      "HistorianStatusEcho": 0,
      "LastHistorianId": 0,
      "StateCurrent": 0,
      "StateRequested": "None",
      "TaskStepView": 0,
      "UnitModeCurrent": "Undefined"
    },
    {
      "AlarmExtent": 0,
      "HistorianStatusEcho": 0,
      "LastHistorianId": 0,
      "StateCurrent": "STOPPED",
      "StateRequested": "None",
      "State_Stopped": true,
      "TaskStepView": 0,
      "UnitModeCurrent": "Production"
    },
    {
      "AlarmExtent": 0,
      "HistorianStatusEcho": 0,
      "LastHistorianId": 0,
      "StateCurrent": "STOPPED",
      "StateRequested": "None",
      "State_Stopped": true,
      "TaskStepView": 0,
      "UnitModeCurrent": "Maintenance"
    },
    {
      "AlarmExtent": 0,
      "HistorianStatusEcho": 0,
      "LastHistorianId": 0,
      "StateCurrent": "STOPPED",
      "StateRequested": "None",
      "State_Stopped": true,
      "TaskStepView": 0,
      "UnitModeCurrent": "Manual"
    },
    {
      "AlarmExtent": 0,
      "HistorianStatusEcho": 0,
      "LastHistorianId": 1,
      "StateCurrent": 0,
      "StateRequested": "None",
      "TaskStepView": 0,
      "UnitModeCurrent": "Undefined"
    },
    {
      "AlarmExtent": 0,
      "HistorianStatusEcho": 0,
      "LastHistorianId": 1,
      "StateCurrent": "STOPPED",
      "StateRequested": "None",
      "State_Stopped": true,
      "TaskStepView": 0,
      "UnitModeCurrent": "Production"
    },
    {
      "AlarmExtent": 0,
      "HistorianStatusEcho": 0,
      "LastHistorianId": 1,
      "StateCurrent": "STOPPED",
      "StateRequested": "None",
      "State_Stopped": true,
      "TaskStepView": 0,
      "UnitModeCurrent": "Maintenance"
    },
    {
      "AlarmExtent": 0,
      "HistorianStatusEcho": 0,
      "LastHistorianId": 1,
      "StateCurrent": "STOPPED",
      "StateRequested": "None",
      "State_Stopped": true,
      "TaskStepView": 0,
      "UnitModeCurrent": "Manual"
    },
    {
      "AlarmExtent": 0,
      "HistorianStatusEcho": 0,
      "LastHistorianId": 2,
      "StateCurrent": 0,
      "StateRequested": "None",
      "TaskStepView": 0,
      "UnitModeCurrent": "Undefined"
    },
    {
      "AlarmExtent": 0,
      "HistorianStatusEcho": 0,
      "LastHistorianId": 2,
      "StateCurrent": "STOPPED",
      "StateRequested": "None",
      "State_Stopped": true,
      "TaskStepView": 0,
      "UnitModeCurrent": "Production"
    },
    {
      "AlarmExtent": 0,
      "HistorianStatusEcho": 0,
      "LastHistorianId": 2,
      "StateCurrent": "STOPPED",
      "StateRequested": "None",
      "State_Stopped": true,
      "TaskStepView": 0,
      "UnitModeCurrent": "Maintenance"
    },
    {
      "AlarmExtent": 0,
      "HistorianStatusEcho": 0,
      "LastHistorianId": 2,
      "StateCurrent": "STOPPED",
      "StateRequested": "None",
      "State_Stopped": true,
      "TaskStepView": 0,
      "UnitModeCurrent": "Manual"
    },
    {
      "AlarmExtent": 0,
      "HistorianStatusEcho": 0,
      "LastHistorianId": 3,
      "StateCurrent": 0,
      "StateRequested": "None",
      "TaskStepView": 0,
      "UnitModeCurrent": "Undefined"
    },
    {
      "AlarmExtent": 0,
      "HistorianStatusEcho": 0,
      "LastHistorianId": 3,
      "StateCurrent": "STOPPED",
      "StateRequested": "None",
      "State_Stopped": true,
      "TaskStepView": 0,
      "UnitModeCurrent": "Production"
    },
    {
      "AlarmExtent": 0,
      "HistorianStatusEcho": 0,
      "LastHistorianId": 3,
      "StateCurrent": "STOPPED",
      "StateRequested": "None",
      "State_Stopped": true,
      "TaskStepView": 0,
      "UnitModeCurrent": "Maintenance"
    },
    {
      "AlarmExtent": 0,
      "HistorianStatusEcho": 0,
      "LastHistorianId": 3,
      "StateCurrent": "STOPPED",
      "StateRequested": "None",
      "State_Stopped": true,
      "TaskStepView": 0,
      "UnitModeCurrent": "Manual"
    },
    {
      "AlarmExtent": 0,
      "HistorianStatusEcho": 1,
      "LastHistorianId": 0,
      "StateCurrent": 0,
      "StateRequested": "None",
      "TaskStepView": 0,
      "UnitModeCurrent": "Undefined"
    },
    {
      "AlarmExtent": 0,
      "HistorianStatusEcho": 1,
      "LastHistorianId": 0,
      "StateCurrent": "STOPPED",
      "StateRequested": "None",
      "State_Stopped": true,
      "TaskStepView": 0,
      "UnitModeCurrent": "Production"
    },
    {
      "AlarmExtent": 0,
      "HistorianStatusEcho": 1,
      "LastHistorianId": 0,
      "StateCurrent": "STOPPED",
      "StateRequested": "None",
      "State_Stopped": true,
      "TaskStepView": 0,
      "UnitModeCurrent": "Maintenance"
    },
    {
      "AlarmExtent": 0,
      "HistorianStatusEcho": 1,
      "LastHistorianId": 0,
      "StateCurrent": "STOPPED",
      "StateRequested": "None",
      "State_Stopped": true,
      "TaskStepView": 0,
      "UnitModeCurrent": "Manual"
    },
    {
      "AlarmExtent": 0,
      "HistorianStatusEcho": 1,
      "LastHistorianId": 1,
      "StateCurrent": 0,
      "StateRequested": "None",
      "TaskStepView": 0,
      "UnitModeCurrent": "Undefined"
    },
    {
      "AlarmExtent": 0,
      "HistorianStatusEcho": 1,
      "LastHistorianId": 1,
      "StateCurrent": "STOPPED",
      "StateRequested": "None",
      "State_Stopped": true,
      "TaskStepView": 0,
      "UnitModeCurrent": "Production"
    },
    {
      "AlarmExtent": 0,
      "HistorianStatusEcho": 1,
      "LastHistorianId": 1,
      "StateCurrent": "STOPPED",
      "StateRequested": "None",
      "State_Stopped": true,
      "TaskStepView": 0,
      "UnitModeCurrent": "Maintenance"
    },
    {
      "AlarmExtent": 0,
      "HistorianStatusEcho": 1,
      "LastHistorianId": 1,
      "StateCurrent": "STOPPED",
      "StateRequested": "None",
      "State_Stopped": true,
      "TaskStepView": 0,
      "UnitModeCurrent": "Manual"
    },
    {
      "AlarmExtent": 0,
      "HistorianStatusEcho": 1,
      "LastHistorianId": 2,
      "StateCurrent": 0,
      "StateRequested": "None",
      "TaskStepView": 0,
      "UnitModeCurrent": "Undefined"
    },
    {
      "AlarmExtent": 0,
      "HistorianStatusEcho": 1,
      "LastHistorianId": 2,
      "StateCurrent": "STOPPED",
      "StateRequested": "None",
      "State_Stopped": true,
      "TaskStepView": 0,
      "UnitModeCurrent": "Production"
    },
    {
      "AlarmExtent": 0,
      "HistorianStatusEcho": 1,
      "LastHistorianId": 2,
      "StateCurrent": "STOPPED",
      "StateRequested": "None",
      "State_Stopped": true,
      "TaskStepView": 0,
      "UnitModeCurrent": "Maintenance"
    },
    {
      "AlarmExtent": 0,
      "HistorianStatusEcho": 1,
      "LastHistorianId": 2,
      "StateCurrent": "STOPPED",
      "StateRequested": "None",
      "State_Stopped": true,
      "TaskStepView": 0,
      "UnitModeCurrent": "Manual"
    },
    {
      "AlarmExtent": 0,
      "HistorianStatusEcho": 1,
      "LastHistorianId": 3,
      "StateCurrent": 0,
      "StateRequested": "None",
      "TaskStepView": 0,
      "UnitModeCurrent": "Undefined"
    },
    {
      "AlarmExtent": 0,
      "HistorianStatusEcho": 1,
      "LastHistorianId": 3,
      "StateCurrent": "STOPPED",
      "StateRequested": "None",
      "State_Stopped": true,
      "TaskStepView": 0,
      "UnitModeCurrent": "Production"
    },
    {
      "AlarmExtent": 0,
      "HistorianStatusEcho": 1,
      "LastHistorianId": 3,
      "StateCurrent": "STOPPED",
      "StateRequested": "None",
      "State_Stopped": true,
      "TaskStepView": 0,
      "UnitModeCurrent": "Maintenance"
    },
    {
      "AlarmExtent": 0,
      "HistorianStatusEcho": 1,
      "LastHistorianId": 3,
      "StateCurrent": "STOPPED",
      "StateRequested": "None",
      "State_Stopped": true,
      "TaskStepView": 0,
      "UnitModeCurrent": "Manual"
    },
    {
      "AlarmExtent": 1,
      "HistorianStatusEcho": 0,
      "LastHistorianId": 0,
      "StateCurrent": 0,
      "StateRequested": "None",
      "TaskStepView": 0,
      "UnitModeCurrent": "Undefined"
    },
    {
      "AlarmExtent": 1,
      "HistorianStatusEcho": 0,
      "LastHistorianId": 0,
      "StateCurrent": "STOPPED",
      "StateRequested": "None",
      "State_Stopped": true,
      "TaskStepView": 0,
      "UnitModeCurrent": "Production"
    },
    {
      "AlarmExtent": 1,
      "HistorianStatusEcho": 0,
      "LastHistorianId": 0,
      "StateCurrent": "STOPPED",
      "StateRequested": "None",
      "State_Stopped": true,
      "TaskStepView": 0,
      "UnitModeCurrent": "Maintenance"
    },
    {
      "AlarmExtent": 1,
      "HistorianStatusEcho": 0,
      "LastHistorianId": 0,
      "StateCurrent": "STOPPED",
      "StateRequested": "None",
      "State_Stopped": true,
      "TaskStepView": 0,
      "UnitModeCurrent": "Manual"
    },
    {
      "AlarmExtent": 1,
      "HistorianStatusEcho": 0,
      "LastHistorianId": 1,
      "StateCurrent": 0,
      "StateRequested": "None",
      "TaskStepView": 0,
      "UnitModeCurrent": "Undefined"
    },
    {
      "AlarmExtent": 1,
      "HistorianStatusEcho": 0,
      "LastHistorianId": 1,
      "StateCurrent": "STOPPED",
      "StateRequested": "None",
      "State_Stopped": true,
      "TaskStepView": 0,
      "UnitModeCurrent": "Production"
    },
    {
      "AlarmExtent": 1,
      "HistorianStatusEcho": 0,
      "LastHistorianId": 1,
      "StateCurrent": "STOPPED",
      "StateRequested": "None",
      "State_Stopped": true,
      "TaskStepView": 0,
      "UnitModeCurrent": "Maintenance"
    },
    {
      "AlarmExtent": 1,
      "HistorianStatusEcho": 0,
      "LastHistorianId": 1,
      "StateCurrent": "STOPPED",
      "StateRequested": "None",
      "State_Stopped": true,
      "TaskStepView": 0,
      "UnitModeCurrent": "Manual"
    },
    {
      "AlarmExtent": 1,
      "HistorianStatusEcho": 0,
      "LastHistorianId": 2,
      "StateCurrent": 0,
      "StateRequested": "None",
      "TaskStepView": 0,
      "UnitModeCurrent": "Undefined"
    },
    {
      "AlarmExtent": 1,
      "HistorianStatusEcho": 0,
      "LastHistorianId": 2,
      "StateCurrent": "STOPPED",
      "StateRequested": "None",
      "State_Stopped": true,
      "TaskStepView": 0,
      "UnitModeCurrent": "Production"
    },
    {
      "AlarmExtent": 1,
      "HistorianStatusEcho": 0,
      "LastHistorianId": 2,
      "StateCurrent": "STOPPED",
      "StateRequested": "None",
      "State_Stopped": true,
      "TaskStepView": 0,
      "UnitModeCurrent": "Maintenance"
    },
    {
      "AlarmExtent": 1,
      "HistorianStatusEcho": 0,
      "LastHistorianId": 2,
      "StateCurrent": "STOPPED",
      "StateRequested": "None",
      "State_Stopped": true,
      "TaskStepView": 0,
      "UnitModeCurrent": "Manual"
    },
    {
      "AlarmExtent": 1,
      "HistorianStatusEcho": 0,
      "LastHistorianId": 3,
      "StateCurrent": 0,
      "StateRequested": "None",
      "TaskStepView": 0,
      "UnitModeCurrent": "Undefined"
    },
    {
      "AlarmExtent": 1,
      "HistorianStatusEcho": 0,
      "LastHistorianId": 3,
      "StateCurrent": "STOPPED",
      "StateRequested": "None",
      "State_Stopped": true,
      "TaskStepView": 0,
      "UnitModeCurrent": "Production"
    },
    {
      "AlarmExtent": 1,
      "HistorianStatusEcho": 0,
      "LastHistorianId": 3,
      "StateCurrent": "STOPPED",
      "StateRequested": "None",
      "State_Stopped": true,
      "TaskStepView": 0,
      "UnitModeCurrent": "Maintenance"
    },
    {
      "AlarmExtent": 1,
      "HistorianStatusEcho": 0,
      "LastHistorianId": 3,
      "StateCurrent": "STOPPED",
      "StateRequested": "None",
      "State_Stopped": true,
      "TaskStepView": 0,
      "UnitModeCurrent": "Manual"
    },
    {
      "AlarmExtent": 1,
      "HistorianStatusEcho": 1,
      "LastHistorianId": 0,
      "StateCurrent": 0,
      "StateRequested": "None",
      "TaskStepView": 0,
      "UnitModeCurrent": "Undefined"
    },
    {
      "AlarmExtent": 1,
      "HistorianStatusEcho": 1,
      "LastHistorianId": 0,
      "StateCurrent": "STOPPED",
      "StateRequested": "None",
      "State_Stopped": true,
      "TaskStepView": 0,
      "UnitModeCurrent": "Production"
    },
    {
      "AlarmExtent": 1,
      "HistorianStatusEcho": 1,
      "LastHistorianId": 0,
      "StateCurrent": "STOPPED",
      "StateRequested": "None",
      "State_Stopped": true,
      "TaskStepView": 0,
      "UnitModeCurrent": "Maintenance"
    },
    {
      "AlarmExtent": 1,
      "HistorianStatusEcho": 1,
      "LastHistorianId": 0,
      "StateCurrent": "STOPPED",
      "StateRequested": "None",
      "State_Stopped": true,
      "TaskStepView": 0,
      "UnitModeCurrent": "Manual"
    },
    {
      "AlarmExtent": 1,
      "HistorianStatusEcho": 1,
      "LastHistorianId": 1,
      "StateCurrent": 0,
      "StateRequested": "None",
      "TaskStepView": 0,
      "UnitModeCurrent": "Undefined"
    },
    {
      "AlarmExtent": 1,
      "HistorianStatusEcho": 1,
      "LastHistorianId": 1,
      "StateCurrent": "STOPPED",
      "StateRequested": "None",
      "State_Stopped": true,
      "TaskStepView": 0,
      "UnitModeCurrent": "Production"
    },
    {
      "AlarmExtent": 1,
      "HistorianStatusEcho": 1,
      "LastHistorianId": 1,
      "StateCurrent": "STOPPED",
      "StateRequested": "None",
      "State_Stopped": true,
      "TaskStepView": 0,
      "UnitModeCurrent": "Maintenance"
    },
    {
      "AlarmExtent": 1,
      "HistorianStatusEcho": 1,
      "LastHistorianId": 1,
      "StateCurrent": "STOPPED",
      "StateRequested": "None",
      "State_Stopped": true,
      "TaskStepView": 0,
      "UnitModeCurrent": "Manual"
    },
    {
      "AlarmExtent": 1,
      "HistorianStatusEcho": 1,
      "LastHistorianId": 2,
      "StateCurrent": 0,
      "StateRequested": "None",
      "TaskStepView": 0,
      "UnitModeCurrent": "Undefined"
    },
    {
      "AlarmExtent": 1,
      "HistorianStatusEcho": 1,
      "LastHistorianId": 2,
      "StateCurrent": "STOPPED",
      "StateRequested": "None",
      "State_Stopped": true,
      "TaskStepView": 0,
      "UnitModeCurrent": "Production"
    },
    {
      "AlarmExtent": 1,
      "HistorianStatusEcho": 1,
      "LastHistorianId": 2,
      "StateCurrent": "STOPPED",
      "StateRequested": "None",
      "State_Stopped": true,
      "TaskStepView": 0,
      "UnitModeCurrent": "Maintenance"
    },
    {
      "AlarmExtent": 1,
      "HistorianStatusEcho": 1,
      "LastHistorianId": 2,
      "StateCurrent": "STOPPED",
      "StateRequested": "None",
      "State_Stopped": true,
      "TaskStepView": 0,
      "UnitModeCurrent": "Manual"
    },
    {
      "AlarmExtent": 1,
      "HistorianStatusEcho": 1,
      "LastHistorianId": 3,
      "StateCurrent": 0,
      "StateRequested": "None",
      "TaskStepView": 0,
      "UnitModeCurrent": "Undefined"
    },
    {
      "AlarmExtent": 1,
      "HistorianStatusEcho": 1,
      "LastHistorianId": 3,
      "StateCurrent": "STOPPED",
      "StateRequested": "None",
      "State_Stopped": true,
      "TaskStepView": 0,
      "UnitModeCurrent": "Production"
    },
    {
      "AlarmExtent": 1,
      "HistorianStatusEcho": 1,
      "LastHistorianId": 3,
      "StateCurrent": "STOPPED",
      "StateRequested": "None",
      "State_Stopped": true,
      "TaskStepView": 0,
      "UnitModeCurrent": "Maintenance"
    },
    {
      "AlarmExtent": 1,
      "HistorianStatusEcho": 1,
      "LastHistorianId": 3,
      "StateCurrent": "STOPPED",
      "StateRequested": "None",
      "State_Stopped": true,
      "TaskStepView": 0,
      "UnitModeCurrent": "Manual"
    },
    {
      "AlarmExtent": 2,
      "HistorianStatusEcho": 0,
      "LastHistorianId": 0,
      "StateCurrent": 0,
      "StateRequested": "None",
      "TaskStepView": 0,
      "UnitModeCurrent": "Undefined"
    },
    {
      "AlarmExtent": 2,
      "HistorianStatusEcho": 0,
      "LastHistorianId": 0,
      "StateCurrent": "STOPPED",
      "StateRequested": "None",
      "State_Stopped": true,
      "TaskStepView": 0,
      "UnitModeCurrent": "Production"
    },
    {
      "AlarmExtent": 2,
      "HistorianStatusEcho": 0,
      "LastHistorianId": 0,
      "StateCurrent": "STOPPED",
      "StateRequested": "None",
      "State_Stopped": true,
      "TaskStepView": 0,
      "UnitModeCurrent": "Maintenance"
    },
    {
      "AlarmExtent": 2,
      "HistorianStatusEcho": 0,
      "LastHistorianId": 0,
      "StateCurrent": "STOPPED",
      "StateRequested": "None",
      "State_Stopped": true,
      "TaskStepView": 0,
      "UnitModeCurrent": "Manual"
    },
    {
      "AlarmExtent": 2,
      "HistorianStatusEcho": 0,
      "LastHistorianId": 1,
      "StateCurrent": 0,
      "StateRequested": "None",
      "TaskStepView": 0,
      "UnitModeCurrent": "Undefined"
    },
    {
      "AlarmExtent": 2,
      "HistorianStatusEcho": 0,
      "LastHistorianId": 1,
      "StateCurrent": "STOPPED",
      "StateRequested": "None",
      "State_Stopped": true,
      "TaskStepView": 0,
      "UnitModeCurrent": "Production"
    },
    {
      "AlarmExtent": 2,
      "HistorianStatusEcho": 0,
      "LastHistorianId": 1,
      "StateCurrent": "STOPPED",
      "StateRequested": "None",
      "State_Stopped": true,
      "TaskStepView": 0,
      "UnitModeCurrent": "Maintenance"
    },
    {
      "AlarmExtent": 2,
      "HistorianStatusEcho": 0,
      "LastHistorianId": 1,
      "StateCurrent": "STOPPED",
      "StateRequested": "None",
      "State_Stopped": true,
      "TaskStepView": 0,
      "UnitModeCurrent": "Manual"
    },
    {
      "AlarmExtent": 2,
      "HistorianStatusEcho": 0,
      "LastHistorianId": 2,
      "StateCurrent": 0,
      "StateRequested": "None",
      "TaskStepView": 0,
      "UnitModeCurrent": "Undefined"
    },
    {
      "AlarmExtent": 2,
      "HistorianStatusEcho": 0,
      "LastHistorianId": 2,
      "StateCurrent": "STOPPED",
      "StateRequested": "None",
      "State_Stopped": true,
      "TaskStepView": 0,
      "UnitModeCurrent": "Production"
    },
    {
      "AlarmExtent": 2,
      "HistorianStatusEcho": 0,
      "LastHistorianId": 2,
      "StateCurrent": "STOPPED",
      "StateRequested": "None",
      "State_Stopped": true,
      "TaskStepView": 0,
      "UnitModeCurrent": "Maintenance"
    },
    {
      "AlarmExtent": 2,
      "HistorianStatusEcho": 0,
      "LastHistorianId": 2,
      "StateCurrent": "STOPPED",
      "StateRequested": "None",
      "State_Stopped": true,
      "TaskStepView": 0,
      "UnitModeCurrent": "Manual"
    },
    {
      "AlarmExtent": 2,
      "HistorianStatusEcho": 0,
      "LastHistorianId": 3,
      "StateCurrent": 0,
      "StateRequested": "None",
      "TaskStepView": 0,
      "UnitModeCurrent": "Undefined"
    },
    {
      "AlarmExtent": 2,
      "HistorianStatusEcho": 0,
      "LastHistorianId": 3,
      "StateCurrent": "STOPPED",
      "StateRequested": "None",
      "State_Stopped": true,
      "TaskStepView": 0,
      "UnitModeCurrent": "Production"
    },
    {
      "AlarmExtent": 2,
      "HistorianStatusEcho": 0,
      "LastHistorianId": 3,
      "StateCurrent": "STOPPED",
      "StateRequested": "None",
      "State_Stopped": true,
      "TaskStepView": 0,
      "UnitModeCurrent": "Maintenance"
    },
    {
      "AlarmExtent": 2,
      "HistorianStatusEcho": 0,
      "LastHistorianId": 3,
      "StateCurrent": "STOPPED",
      "StateRequested": "None",
      "State_Stopped": true,
      "TaskStepView": 0,
      "UnitModeCurrent": "Manual"
    },
    {
      "AlarmExtent": 2,
      "HistorianStatusEcho": 1,
      "LastHistorianId": 0,
      "StateCurrent": 0,
      "StateRequested": "None",
      "TaskStepView": 0,
      "UnitModeCurrent": "Undefined"
    },
    {
      "AlarmExtent": 2,
      "HistorianStatusEcho": 1,
      "LastHistorianId": 0,
      "StateCurrent": "STOPPED",
      "StateRequested": "None",
      "State_Stopped": true,
      "TaskStepView": 0,
      "UnitModeCurrent": "Production"
    },
    {
      "AlarmExtent": 2,
      "HistorianStatusEcho": 1,
      "LastHistorianId": 0,
      "StateCurrent": "STOPPED",
      "StateRequested": "None",
      "State_Stopped": true,
      "TaskStepView": 0,
      "UnitModeCurrent": "Maintenance"
    },
    {
      "AlarmExtent": 2,
      "HistorianStatusEcho": 1,
      "LastHistorianId": 0,
      "StateCurrent": "STOPPED",
      "StateRequested": "None",
      "State_Stopped": true,
      "TaskStepView": 0,
      "UnitModeCurrent": "Manual"
    },
    {
      "AlarmExtent": 2,
      "HistorianStatusEcho": 1,
      "LastHistorianId": 1,
      "StateCurrent": 0,
      "StateRequested": "None",
      "TaskStepView": 0,
      "UnitModeCurrent": "Undefined"
    },
    {
      "AlarmExtent": 2,
      "HistorianStatusEcho": 1,
      "LastHistorianId": 1,
      "StateCurrent": "STOPPED",
      "StateRequested": "None",
      "State_Stopped": true,
      "TaskStepView": 0,
      "UnitModeCurrent": "Production"
    },
    {
      "AlarmExtent": 2,
      "HistorianStatusEcho": 1,
      "LastHistorianId": 1,
      "StateCurrent": "STOPPED",
      "StateRequested": "None",
      "State_Stopped": true,
      "TaskStepView": 0,
      "UnitModeCurrent": "Maintenance"
    },
    {
      "AlarmExtent": 2,
      "HistorianStatusEcho": 1,
      "LastHistorianId": 1,
      "StateCurrent": "STOPPED",
      "StateRequested": "None",
      "State_Stopped": true,
      "TaskStepView": 0,
      "UnitModeCurrent": "Manual"
    },
    {
      "AlarmExtent": 2,
      "HistorianStatusEcho": 1,
      "LastHistorianId": 2,
      "StateCurrent": 0,
      "StateRequested": "None",
      "TaskStepView": 0,
      "UnitModeCurrent": "Undefined"
    },
    {
      "AlarmExtent": 2,
      "HistorianStatusEcho": 1,
      "LastHistorianId": 2,
      "StateCurrent": "STOPPED",
      "StateRequested": "None",
      "State_Stopped": true,
      "TaskStepView": 0,
      "UnitModeCurrent": "Production"
    },
    {
      "AlarmExtent": 2,
      "HistorianStatusEcho": 1,
      "LastHistorianId": 2,
      "StateCurrent": "STOPPED",
      "StateRequested": "None",
      "State_Stopped": true,
      "TaskStepView": 0,
      "UnitModeCurrent": "Maintenance"
    },
    {
      "AlarmExtent": 2,
      "HistorianStatusEcho": 1,
      "LastHistorianId": 2,
      "StateCurrent": "STOPPED",
      "StateRequested": "None",
      "State_Stopped": true,
      "TaskStepView": 0,
      "UnitModeCurrent": "Manual"
    },
    {
      "AlarmExtent": 2,
      "HistorianStatusEcho": 1,
      "LastHistorianId": 3,
      "StateCurrent": 0,
      "StateRequested": "None",
      "TaskStepView": 0,
      "UnitModeCurrent": "Undefined"
    },
    {
      "AlarmExtent": 2,
      "HistorianStatusEcho": 1,
      "LastHistorianId": 3,
      "StateCurrent": "STOPPED",
      "StateRequested": "None",
      "State_Stopped": true,
      "TaskStepView": 0,
      "UnitModeCurrent": "Production"
    },
    {
      "AlarmExtent": 2,
      "HistorianStatusEcho": 1,
      "LastHistorianId": 3,
      "StateCurrent": "STOPPED",
      "StateRequested": "None",
      "State_Stopped": true,
      "TaskStepView": 0,
      "UnitModeCurrent": "Maintenance"
    },
    {
      "AlarmExtent": 2,
      "HistorianStatusEcho": 1,
      "LastHistorianId": 3,
      "StateCurrent": "STOPPED",
      "StateRequested": "None",
      "State_Stopped": true,
      "TaskStepView": 0,
      "UnitModeCurrent": "Manual"
    },
    {
      "AlarmExtent": 3,
      "HistorianStatusEcho": 0,
      "LastHistorianId": 0,
      "StateCurrent": 0,
      "StateRequested": "None",
      "TaskStepView": 0,
      "UnitModeCurrent": "Undefined"
    },
    {
      "AlarmExtent": 3,
      "HistorianStatusEcho": 0,
      "LastHistorianId": 0,
      "StateCurrent": "STOPPED",
      "StateRequested": "None",
      "State_Stopped": true,
      "TaskStepView": 0,
      "UnitModeCurrent": "Production"
    },
    {
      "AlarmExtent": 3,
      "HistorianStatusEcho": 0,
      "LastHistorianId": 0,
      "StateCurrent": "STOPPED",
      "StateRequested": "None",
      "State_Stopped": true,
      "TaskStepView": 0,
      "UnitModeCurrent": "Maintenance"
    },
    {
      "AlarmExtent": 3,
      "HistorianStatusEcho": 0,
      "LastHistorianId": 0,
      "StateCurrent": "STOPPED",
      "StateRequested": "None",
      "State_Stopped": true,
      "TaskStepView": 0,
      "UnitModeCurrent": "Manual"
    },
    {
      "AlarmExtent": 3,
      "HistorianStatusEcho": 0,
      "LastHistorianId": 1,
      "StateCurrent": 0,
      "StateRequested": "None",
      "TaskStepView": 0,
      "UnitModeCurrent": "Undefined"
    },
    {
      "AlarmExtent": 3,
      "HistorianStatusEcho": 0,
      "LastHistorianId": 1,
      "StateCurrent": "STOPPED",
      "StateRequested": "None",
      "State_Stopped": true,
      "TaskStepView": 0,
      "UnitModeCurrent": "Production"
    },
    {
      "AlarmExtent": 3,
      "HistorianStatusEcho": 0,
      "LastHistorianId": 1,
      "StateCurrent": "STOPPED",
      "StateRequested": "None",
      "State_Stopped": true,
      "TaskStepView": 0,
      "UnitModeCurrent": "Maintenance"
    },
    {
      "AlarmExtent": 3,
      "HistorianStatusEcho": 0,
      "LastHistorianId": 1,
      "StateCurrent": "STOPPED",
      "StateRequested": "None",
      "State_Stopped": true,
      "TaskStepView": 0,
      "UnitModeCurrent": "Manual"
    },
    {
      "AlarmExtent": 3,
      "HistorianStatusEcho": 0,
      "LastHistorianId": 2,
      "StateCurrent": 0,
      "StateRequested": "None",
      "TaskStepView": 0,
      "UnitModeCurrent": "Undefined"
    },
    {
      "AlarmExtent": 3,
      "HistorianStatusEcho": 0,
      "LastHistorianId": 2,
      "StateCurrent": "STOPPED",
      "StateRequested": "None",
      "State_Stopped": true,
      "TaskStepView": 0,
      "UnitModeCurrent": "Production"
    },
    {
      "AlarmExtent": 3,
      "HistorianStatusEcho": 0,
      "LastHistorianId": 2,
      "StateCurrent": "STOPPED",
      "StateRequested": "None",
      "State_Stopped": true,
      "TaskStepView": 0,
      "UnitModeCurrent": "Maintenance"
    },
    {
      "AlarmExtent": 3,
      "HistorianStatusEcho": 0,
      "LastHistorianId": 2,
      "StateCurrent": "STOPPED",
      "StateRequested": "None",
      "State_Stopped": true,
      "TaskStepView": 0,
      "UnitModeCurrent": "Manual"
    },
    {
      "AlarmExtent": 3,
      "HistorianStatusEcho": 0,
      "LastHistorianId": 3,
      "StateCurrent": 0,
      "StateRequested": "None",
      "TaskStepView": 0,
      "UnitModeCurrent": "Undefined"
    },
    {
      "AlarmExtent": 3,
      "HistorianStatusEcho": 0,
      "LastHistorianId": 3,
      "StateCurrent": "STOPPED",
      "StateRequested": "None",
      "State_Stopped": true,
      "TaskStepView": 0,
      "UnitModeCurrent": "Production"
    },
    {
      "AlarmExtent": 3,
      "HistorianStatusEcho": 0,
      "LastHistorianId": 3,
      "StateCurrent": "STOPPED",
      "StateRequested": "None",
      "State_Stopped": true,
      "TaskStepView": 0,
      "UnitModeCurrent": "Maintenance"
    },
    {
      "AlarmExtent": 3,
      "HistorianStatusEcho": 0,
      "LastHistorianId": 3,
      "StateCurrent": "STOPPED",
      "StateRequested": "None",
      "State_Stopped": true,
      "TaskStepView": 0,
      "UnitModeCurrent": "Manual"
    },
    {
      "AlarmExtent": 3,
      "HistorianStatusEcho": 1,
      "LastHistorianId": 0,
      "StateCurrent": 0,
      "StateRequested": "None",
      "TaskStepView": 0,
      "UnitModeCurrent": "Undefined"
    },
    {
      "AlarmExtent": 3,
      "HistorianStatusEcho": 1,
      "LastHistorianId": 0,
      "StateCurrent": "STOPPED",
      "StateRequested": "None",
      "State_Stopped": true,
      "TaskStepView": 0,
      "UnitModeCurrent": "Production"
    },
    {
      "AlarmExtent": 3,
      "HistorianStatusEcho": 1,
      "LastHistorianId": 0,
      "StateCurrent": "STOPPED",
      "StateRequested": "None",
      "State_Stopped": true,
      "TaskStepView": 0,
      "UnitModeCurrent": "Maintenance"
    },
    {
      "AlarmExtent": 3,
      "HistorianStatusEcho": 1,
      "LastHistorianId": 0,
      "StateCurrent": "STOPPED",
      "StateRequested": "None",
      "State_Stopped": true,
      "TaskStepView": 0,
      "UnitModeCurrent": "Manual"
    },
    {
      "AlarmExtent": 3,
      "HistorianStatusEcho": 1,
      "LastHistorianId": 1,
      "StateCurrent": 0,
      "StateRequested": "None",
      "TaskStepView": 0,
      "UnitModeCurrent": "Undefined"
    },
    {
      "AlarmExtent": 3,
      "HistorianStatusEcho": 1,
      "LastHistorianId": 1,
      "StateCurrent": "STOPPED",
      "StateRequested": "None",
      "State_Stopped": true,
      "TaskStepView": 0,
      "UnitModeCurrent": "Production"
    },
    {
      "AlarmExtent": 3,
      "HistorianStatusEcho": 1,
      "LastHistorianId": 1,
      "StateCurrent": "STOPPED",
      "StateRequested": "None",
      "State_Stopped": true,
      "TaskStepView": 0,
      "UnitModeCurrent": "Maintenance"
    },
    {
      "AlarmExtent": 3,
      "HistorianStatusEcho": 1,
      "LastHistorianId": 1,
      "StateCurrent": "STOPPED",
      "StateRequested": "None",
      "State_Stopped": true,
      "TaskStepView": 0,
      "UnitModeCurrent": "Manual"
    },
    {
      "AlarmExtent": 3,
      "HistorianStatusEcho": 1,
      "LastHistorianId": 2,
      "StateCurrent": 0,
      "StateRequested": "None",
      "TaskStepView": 0,
      "UnitModeCurrent": "Undefined"
    },
    {
      "AlarmExtent": 3,
      "HistorianStatusEcho": 1,
      "LastHistorianId": 2,
      "StateCurrent": "STOPPED",
      "StateRequested": "None",
      "State_Stopped": true,
      "TaskStepView": 0,
      "UnitModeCurrent": "Production"
    },
    {
      "AlarmExtent": 3,
      "HistorianStatusEcho": 1,
      "LastHistorianId": 2,
      "StateCurrent": "STOPPED",
      "StateRequested": "None",
      "State_Stopped": true,
      "TaskStepView": 0,
      "UnitModeCurrent": "Maintenance"
    },
    {
      "AlarmExtent": 3,
      "HistorianStatusEcho": 1,
      "LastHistorianId": 2,
      "StateCurrent": "STOPPED",
      "StateRequested": "None",
      "State_Stopped": true,
      "TaskStepView": 0,
      "UnitModeCurrent": "Manual"
    },
    {
      "AlarmExtent": 3,
      "HistorianStatusEcho": 1,
      "LastHistorianId": 3,
      "StateCurrent": 0,
      "StateRequested": "None",
      "TaskStepView": 0,
      "UnitModeCurrent": "Undefined"
    },
    {
      "AlarmExtent": 3,
      "HistorianStatusEcho": 1,
      "LastHistorianId": 3,
      "StateCurrent": "STOPPED",
      "StateRequested": "None",
      "State_Stopped": true,
      "TaskStepView": 0,
      "UnitModeCurrent": "Production"
    },
    {
      "AlarmExtent": 3,
      "HistorianStatusEcho": 1,
      "LastHistorianId": 3,
      "StateCurrent": "STOPPED",
      "StateRequested": "None",
      "State_Stopped": true,
      "TaskStepView": 0,
      "UnitModeCurrent": "Maintenance"
    },
    {
      "AlarmExtent": 3,
      "HistorianStatusEcho": 1,
      "LastHistorianId": 3,
      "StateCurrent": "STOPPED",
      "StateRequested": "None",
      "State_Stopped": true,
      "TaskStepView": 0,
      "UnitModeCurrent": "Manual"
    }
  ],
  "unreachable_examples": []
}
